
Microsoft Visual Studio Solution File, Format Version 12.00
# Visual Studio Version 17
VisualStudioVersion = 17.0.31903.59
MinimumVisualStudioVersion = 10.0.40219.1
Project("{FAE04EC0-301F-11D3-BF4B-00C04F79EFBC}") = "MonetarisApi", "MonetarisApi\MonetarisApi.csproj", "{BDE21F95-8834-4F21-9CA2-23921493E23B}"
EndProject
Project("{FAE04EC0-301F-11D3-BF4B-00C04F79EFBC}") = "Monetaris.User", "Monetaris.User\Monetaris.User.csproj", "{6CAABD81-1844-433B-BC17-506AC1F2CAB9}"
EndProject
Project("{FAE04EC0-301F-11D3-BF4B-00C04F79EFBC}") = "Monetaris.Debtor", "Monetaris.Debtor\Monetaris.Debtor.csproj", "{7BF484FD-EFC0-4018-9317-32923E2F292F}"
EndProject
Project("{FAE04EC0-301F-11D3-BF4B-00C04F79EFBC}") = "Monetaris.Case", "Monetaris.Case\Monetaris.Case.csproj", "{51EBD2B3-6B0D-42EE-B57D-876632C947E9}"
EndProject
Project("{FAE04EC0-301F-11D3-BF4B-00C04F79EFBC}") = "Monetaris.Document", "Monetaris.Document\Monetaris.Document.csproj", "{F86D7C4C-0F33-4649-BA5F-8BD27420C51A}"
EndProject
Project("{FAE04EC0-301F-11D3-BF4B-00C04F79EFBC}") = "Monetaris.Inquiry", "Monetaris.Inquiry\Monetaris.Inquiry.csproj", "{89F45257-B2E4-48FF-8E89-970C86806E8C}"
EndProject
Project("{FAE04EC0-301F-11D3-BF4B-00C04F79EFBC}") = "Monetaris.Template", "Monetaris.Template\Monetaris.Template.csproj", "{87F8CDA2-D07B-43BD-AF38-420233294AF7}"
EndProject
Project("{FAE04EC0-301F-11D3-BF4B-00C04F79EFBC}") = "Monetaris.Dashboard", "Monetaris.Dashboard\Monetaris.Dashboard.csproj", "{6825619F-C895-492F-8379-A65F2A72841D}"
EndProject
Project("{FAE04EC0-301F-11D3-BF4B-00C04F79EFBC}") = "Monetaris.Shared", "Monetaris.Shared\Monetaris.Shared.csproj", "{F88D4F5E-D2B6-4A13-ADD8-43743B9E0827}"
EndProject
Project("{2150E333-8FDC-42A3-9474-1A3956D46DE8}") = "tests", "tests", "{0AB3BF05-4346-4AA6-1389-037BE0695223}"
EndProject
Project("{FAE04EC0-301F-11D3-BF4B-00C04F79EFBC}") = "Monetaris.UnitTests", "tests\Monetaris.UnitTests\Monetaris.UnitTests.csproj", "{4FEBE6A8-AE19-416C-966F-D7528662BF5B}"
EndProject
Project("{FAE04EC0-301F-11D3-BF4B-00C04F79EFBC}") = "Monetaris.IntegrationTests", "tests\Monetaris.IntegrationTests\Monetaris.IntegrationTests.csproj", "{21EDDC1E-F413-4917-A386-AEB9FFDE1531}"
EndProject
Global
	GlobalSection(SolutionConfigurationPlatforms) = preSolution
		Debug|Any CPU = Debug|Any CPU
		Debug|x64 = Debug|x64
		Debug|x86 = Debug|x86
		Release|Any CPU = Release|Any CPU
		Release|x64 = Release|x64
		Release|x86 = Release|x86
	EndGlobalSection
	GlobalSection(ProjectConfigurationPlatforms) = postSolution
		{BDE21F95-8834-4F21-9CA2-23921493E23B}.Debug|Any CPU.ActiveCfg = Debug|Any CPU
		{BDE21F95-8834-4F21-9CA2-23921493E23B}.Debug|Any CPU.Build.0 = Debug|Any CPU
		{BDE21F95-8834-4F21-9CA2-23921493E23B}.Debug|x64.ActiveCfg = Debug|Any CPU
		{BDE21F95-8834-4F21-9CA2-23921493E23B}.Debug|x64.Build.0 = Debug|Any CPU
		{BDE21F95-8834-4F21-9CA2-23921493E23B}.Debug|x86.ActiveCfg = Debug|Any CPU
		{BDE21F95-8834-4F21-9CA2-23921493E23B}.Debug|x86.Build.0 = Debug|Any CPU
		{BDE21F95-8834-4F21-9CA2-23921493E23B}.Release|Any CPU.ActiveCfg = Release|Any CPU
		{BDE21F95-8834-4F21-9CA2-23921493E23B}.Release|Any CPU.Build.0 = Release|Any CPU
		{BDE21F95-8834-4F21-9CA2-23921493E23B}.Release|x64.ActiveCfg = Release|Any CPU
		{BDE21F95-8834-4F21-9CA2-23921493E23B}.Release|x64.Build.0 = Release|Any CPU
		{BDE21F95-8834-4F21-9CA2-23921493E23B}.Release|x86.ActiveCfg = Release|Any CPU
		{BDE21F95-8834-4F21-9CA2-23921493E23B}.Release|x86.Build.0 = Release|Any CPU
		{6CAABD81-1844-433B-BC17-506AC1F2CAB9}.Debug|Any CPU.ActiveCfg = Debug|Any CPU
		{6CAABD81-1844-433B-BC17-506AC1F2CAB9}.Debug|Any CPU.Build.0 = Debug|Any CPU
		{6CAABD81-1844-433B-BC17-506AC1F2CAB9}.Debug|x64.ActiveCfg = Debug|Any CPU
		{6CAABD81-1844-433B-BC17-506AC1F2CAB9}.Debug|x64.Build.0 = Debug|Any CPU
		{6CAABD81-1844-433B-BC17-506AC1F2CAB9}.Debug|x86.ActiveCfg = Debug|Any CPU
		{6CAABD81-1844-433B-BC17-506AC1F2CAB9}.Debug|x86.Build.0 = Debug|Any CPU
		{6CAABD81-1844-433B-BC17-506AC1F2CAB9}.Release|Any CPU.ActiveCfg = Release|Any CPU
		{6CAABD81-1844-433B-BC17-506AC1F2CAB9}.Release|Any CPU.Build.0 = Release|Any CPU
		{6CAABD81-1844-433B-BC17-506AC1F2CAB9}.Release|x64.ActiveCfg = Release|Any CPU
		{6CAABD81-1844-433B-BC17-506AC1F2CAB9}.Release|x64.Build.0 = Release|Any CPU
		{6CAABD81-1844-433B-BC17-506AC1F2CAB9}.Release|x86.ActiveCfg = Release|Any CPU
		{6CAABD81-1844-433B-BC17-506AC1F2CAB9}.Release|x86.Build.0 = Release|Any CPU
		{7BF484FD-EFC0-4018-9317-32923E2F292F}.Debug|Any CPU.ActiveCfg = Debug|Any CPU
		{7BF484FD-EFC0-4018-9317-32923E2F292F}.Debug|Any CPU.Build.0 = Debug|Any CPU
		{7BF484FD-EFC0-4018-9317-32923E2F292F}.Debug|x64.ActiveCfg = Debug|Any CPU
		{7BF484FD-EFC0-4018-9317-32923E2F292F}.Debug|x64.Build.0 = Debug|Any CPU
		{7BF484FD-EFC0-4018-9317-32923E2F292F}.Debug|x86.ActiveCfg = Debug|Any CPU
		{7BF484FD-EFC0-4018-9317-32923E2F292F}.Debug|x86.Build.0 = Debug|Any CPU
		{7BF484FD-EFC0-4018-9317-32923E2F292F}.Release|Any CPU.ActiveCfg = Release|Any CPU
		{7BF484FD-EFC0-4018-9317-32923E2F292F}.Release|Any CPU.Build.0 = Release|Any CPU
		{7BF484FD-EFC0-4018-9317-32923E2F292F}.Release|x64.ActiveCfg = Release|Any CPU
		{7BF484FD-EFC0-4018-9317-32923E2F292F}.Release|x64.Build.0 = Release|Any CPU
		{7BF484FD-EFC0-4018-9317-32923E2F292F}.Release|x86.ActiveCfg = Release|Any CPU
		{7BF484FD-EFC0-4018-9317-32923E2F292F}.Release|x86.Build.0 = Release|Any CPU
		{51EBD2B3-6B0D-42EE-B57D-876632C947E9}.Debug|Any CPU.ActiveCfg = Debug|Any CPU
		{51EBD2B3-6B0D-42EE-B57D-876632C947E9}.Debug|Any CPU.Build.0 = Debug|Any CPU
		{51EBD2B3-6B0D-42EE-B57D-876632C947E9}.Debug|x64.ActiveCfg = Debug|Any CPU
		{51EBD2B3-6B0D-42EE-B57D-876632C947E9}.Debug|x64.Build.0 = Debug|Any CPU
		{51EBD2B3-6B0D-42EE-B57D-876632C947E9}.Debug|x86.ActiveCfg = Debug|Any CPU
		{51EBD2B3-6B0D-42EE-B57D-876632C947E9}.Debug|x86.Build.0 = Debug|Any CPU
		{51EBD2B3-6B0D-42EE-B57D-876632C947E9}.Release|Any CPU.ActiveCfg = Release|Any CPU
		{51EBD2B3-6B0D-42EE-B57D-876632C947E9}.Release|Any CPU.Build.0 = Release|Any CPU
		{51EBD2B3-6B0D-42EE-B57D-876632C947E9}.Release|x64.ActiveCfg = Release|Any CPU
		{51EBD2B3-6B0D-42EE-B57D-876632C947E9}.Release|x64.Build.0 = Release|Any CPU
		{51EBD2B3-6B0D-42EE-B57D-876632C947E9}.Release|x86.ActiveCfg = Release|Any CPU
		{51EBD2B3-6B0D-42EE-B57D-876632C947E9}.Release|x86.Build.0 = Release|Any CPU
		{F86D7C4C-0F33-4649-BA5F-8BD27420C51A}.Debug|Any CPU.ActiveCfg = Debug|Any CPU
		{F86D7C4C-0F33-4649-BA5F-8BD27420C51A}.Debug|Any CPU.Build.0 = Debug|Any CPU
		{F86D7C4C-0F33-4649-BA5F-8BD27420C51A}.Debug|x64.ActiveCfg = Debug|Any CPU
		{F86D7C4C-0F33-4649-BA5F-8BD27420C51A}.Debug|x64.Build.0 = Debug|Any CPU
		{F86D7C4C-0F33-4649-BA5F-8BD27420C51A}.Debug|x86.ActiveCfg = Debug|Any CPU
		{F86D7C4C-0F33-4649-BA5F-8BD27420C51A}.Debug|x86.Build.0 = Debug|Any CPU
		{F86D7C4C-0F33-4649-BA5F-8BD27420C51A}.Release|Any CPU.ActiveCfg = Release|Any CPU
		{F86D7C4C-0F33-4649-BA5F-8BD27420C51A}.Release|Any CPU.Build.0 = Release|Any CPU
		{F86D7C4C-0F33-4649-BA5F-8BD27420C51A}.Release|x64.ActiveCfg = Release|Any CPU
		{F86D7C4C-0F33-4649-BA5F-8BD27420C51A}.Release|x64.Build.0 = Release|Any CPU
		{F86D7C4C-0F33-4649-BA5F-8BD27420C51A}.Release|x86.ActiveCfg = Release|Any CPU
		{F86D7C4C-0F33-4649-BA5F-8BD27420C51A}.Release|x86.Build.0 = Release|Any CPU
		{89F45257-B2E4-48FF-8E89-970C86806E8C}.Debug|Any CPU.ActiveCfg = Debug|Any CPU
		{89F45257-B2E4-48FF-8E89-970C86806E8C}.Debug|Any CPU.Build.0 = Debug|Any CPU
		{89F45257-B2E4-48FF-8E89-970C86806E8C}.Debug|x64.ActiveCfg = Debug|Any CPU
		{89F45257-B2E4-48FF-8E89-970C86806E8C}.Debug|x64.Build.0 = Debug|Any CPU
		{89F45257-B2E4-48FF-8E89-970C86806E8C}.Debug|x86.ActiveCfg = Debug|Any CPU
		{89F45257-B2E4-48FF-8E89-970C86806E8C}.Debug|x86.Build.0 = Debug|Any CPU
		{89F45257-B2E4-48FF-8E89-970C86806E8C}.Release|Any CPU.ActiveCfg = Release|Any CPU
		{89F45257-B2E4-48FF-8E89-970C86806E8C}.Release|Any CPU.Build.0 = Release|Any CPU
		{89F45257-B2E4-48FF-8E89-970C86806E8C}.Release|x64.ActiveCfg = Release|Any CPU
		{89F45257-B2E4-48FF-8E89-970C86806E8C}.Release|x64.Build.0 = Release|Any CPU
		{89F45257-B2E4-48FF-8E89-970C86806E8C}.Release|x86.ActiveCfg = Release|Any CPU
		{89F45257-B2E4-48FF-8E89-970C86806E8C}.Release|x86.Build.0 = Release|Any CPU
		{87F8CDA2-D07B-43BD-AF38-420233294AF7}.Debug|Any CPU.ActiveCfg = Debug|Any CPU
		{87F8CDA2-D07B-43BD-AF38-420233294AF7}.Debug|Any CPU.Build.0 = Debug|Any CPU
		{87F8CDA2-D07B-43BD-AF38-420233294AF7}.Debug|x64.ActiveCfg = Debug|Any CPU
		{87F8CDA2-D07B-43BD-AF38-420233294AF7}.Debug|x64.Build.0 = Debug|Any CPU
		{87F8CDA2-D07B-43BD-AF38-420233294AF7}.Debug|x86.ActiveCfg = Debug|Any CPU
		{87F8CDA2-D07B-43BD-AF38-420233294AF7}.Debug|x86.Build.0 = Debug|Any CPU
		{87F8CDA2-D07B-43BD-AF38-420233294AF7}.Release|Any CPU.ActiveCfg = Release|Any CPU
		{87F8CDA2-D07B-43BD-AF38-420233294AF7}.Release|Any CPU.Build.0 = Release|Any CPU
		{87F8CDA2-D07B-43BD-AF38-420233294AF7}.Release|x64.ActiveCfg = Release|Any CPU
		{87F8CDA2-D07B-43BD-AF38-420233294AF7}.Release|x64.Build.0 = Release|Any CPU
		{87F8CDA2-D07B-43BD-AF38-420233294AF7}.Release|x86.ActiveCfg = Release|Any CPU
		{87F8CDA2-D07B-43BD-AF38-420233294AF7}.Release|x86.Build.0 = Release|Any CPU
		{6825619F-C895-492F-8379-A65F2A72841D}.Debug|Any CPU.ActiveCfg = Debug|Any CPU
		{6825619F-C895-492F-8379-A65F2A72841D}.Debug|Any CPU.Build.0 = Debug|Any CPU
		{6825619F-C895-492F-8379-A65F2A72841D}.Debug|x64.ActiveCfg = Debug|Any CPU
		{6825619F-C895-492F-8379-A65F2A72841D}.Debug|x64.Build.0 = Debug|Any CPU
		{6825619F-C895-492F-8379-A65F2A72841D}.Debug|x86.ActiveCfg = Debug|Any CPU
		{6825619F-C895-492F-8379-A65F2A72841D}.Debug|x86.Build.0 = Debug|Any CPU
		{6825619F-C895-492F-8379-A65F2A72841D}.Release|Any CPU.ActiveCfg = Release|Any CPU
		{6825619F-C895-492F-8379-A65F2A72841D}.Release|Any CPU.Build.0 = Release|Any CPU
		{6825619F-C895-492F-8379-A65F2A72841D}.Release|x64.ActiveCfg = Release|Any CPU
		{6825619F-C895-492F-8379-A65F2A72841D}.Release|x64.Build.0 = Release|Any CPU
		{6825619F-C895-492F-8379-A65F2A72841D}.Release|x86.ActiveCfg = Release|Any CPU
		{6825619F-C895-492F-8379-A65F2A72841D}.Release|x86.Build.0 = Release|Any CPU
		{F88D4F5E-D2B6-4A13-ADD8-43743B9E0827}.Debug|Any CPU.ActiveCfg = Debug|Any CPU
		{F88D4F5E-D2B6-4A13-ADD8-43743B9E0827}.Debug|Any CPU.Build.0 = Debug|Any CPU
		{F88D4F5E-D2B6-4A13-ADD8-43743B9E0827}.Debug|x64.ActiveCfg = Debug|Any CPU
		{F88D4F5E-D2B6-4A13-ADD8-43743B9E0827}.Debug|x64.Build.0 = Debug|Any CPU
		{F88D4F5E-D2B6-4A13-ADD8-43743B9E0827}.Debug|x86.ActiveCfg = Debug|Any CPU
		{F88D4F5E-D2B6-4A13-ADD8-43743B9E0827}.Debug|x86.Build.0 = Debug|Any CPU
		{F88D4F5E-D2B6-4A13-ADD8-43743B9E0827}.Release|Any CPU.ActiveCfg = Release|Any CPU
		{F88D4F5E-D2B6-4A13-ADD8-43743B9E0827}.Release|Any CPU.Build.0 = Release|Any CPU
		{F88D4F5E-D2B6-4A13-ADD8-43743B9E0827}.Release|x64.ActiveCfg = Release|Any CPU
		{F88D4F5E-D2B6-4A13-ADD8-43743B9E0827}.Release|x64.Build.0 = Release|Any CPU
		{F88D4F5E-D2B6-4A13-ADD8-43743B9E0827}.Release|x86.ActiveCfg = Release|Any CPU
		{F88D4F5E-D2B6-4A13-ADD8-43743B9E0827}.Release|x86.Build.0 = Release|Any CPU
		{4FEBE6A8-AE19-416C-966F-D7528662BF5B}.Debug|Any CPU.ActiveCfg = Debug|Any CPU
		{4FEBE6A8-AE19-416C-966F-D7528662BF5B}.Debug|Any CPU.Build.0 = Debug|Any CPU
		{4FEBE6A8-AE19-416C-966F-D7528662BF5B}.Debug|x64.ActiveCfg = Debug|Any CPU
		{4FEBE6A8-AE19-416C-966F-D7528662BF5B}.Debug|x64.Build.0 = Debug|Any CPU
		{4FEBE6A8-AE19-416C-966F-D7528662BF5B}.Debug|x86.ActiveCfg = Debug|Any CPU
		{4FEBE6A8-AE19-416C-966F-D7528662BF5B}.Debug|x86.Build.0 = Debug|Any CPU
		{4FEBE6A8-AE19-416C-966F-D7528662BF5B}.Release|Any CPU.ActiveCfg = Release|Any CPU
		{4FEBE6A8-AE19-416C-966F-D7528662BF5B}.Release|Any CPU.Build.0 = Release|Any CPU
		{4FEBE6A8-AE19-416C-966F-D7528662BF5B}.Release|x64.ActiveCfg = Release|Any CPU
		{4FEBE6A8-AE19-416C-966F-D7528662BF5B}.Release|x64.Build.0 = Release|Any CPU
		{4FEBE6A8-AE19-416C-966F-D7528662BF5B}.Release|x86.ActiveCfg = Release|Any CPU
		{4FEBE6A8-AE19-416C-966F-D7528662BF5B}.Release|x86.Build.0 = Release|Any CPU
		{21EDDC1E-F413-4917-A386-AEB9FFDE1531}.Debug|Any CPU.ActiveCfg = Debug|Any CPU
		{21EDDC1E-F413-4917-A386-AEB9FFDE1531}.Debug|Any CPU.Build.0 = Debug|Any CPU
		{21EDDC1E-F413-4917-A386-AEB9FFDE1531}.Debug|x64.ActiveCfg = Debug|Any CPU
		{21EDDC1E-F413-4917-A386-AEB9FFDE1531}.Debug|x64.Build.0 = Debug|Any CPU
		{21EDDC1E-F413-4917-A386-AEB9FFDE1531}.Debug|x86.ActiveCfg = Debug|Any CPU
		{21EDDC1E-F413-4917-A386-AEB9FFDE1531}.Debug|x86.Build.0 = Debug|Any CPU
		{21EDDC1E-F413-4917-A386-AEB9FFDE1531}.Release|Any CPU.ActiveCfg = Release|Any CPU
		{21EDDC1E-F413-4917-A386-AEB9FFDE1531}.Release|Any CPU.Build.0 = Release|Any CPU
		{21EDDC1E-F413-4917-A386-AEB9FFDE1531}.Release|x64.ActiveCfg = Release|Any CPU
		{21EDDC1E-F413-4917-A386-AEB9FFDE1531}.Release|x64.Build.0 = Release|Any CPU
		{21EDDC1E-F413-4917-A386-AEB9FFDE1531}.Release|x86.ActiveCfg = Release|Any CPU
		{21EDDC1E-F413-4917-A386-AEB9FFDE1531}.Release|x86.Build.0 = Release|Any CPU
	EndGlobalSection
	GlobalSection(SolutionProperties) = preSolution
		HideSolutionNode = FALSE
	EndGlobalSection
	GlobalSection(NestedProjects) = preSolution
		{4FEBE6A8-AE19-416C-966F-D7528662BF5B} = {0AB3BF05-4346-4AA6-1389-037BE0695223}
		{21EDDC1E-F413-4917-A386-AEB9FFDE1531} = {0AB3BF05-4346-4AA6-1389-037BE0695223}
	EndGlobalSection
EndGlobal
